
Microsoft Visual Studio Solution File, Format Version 12.00
# Visual Studio Version 16
VisualStudioVersion = 16.0.31105.61
MinimumVisualStudioVersion = 10.0.40219.1
Project("{FAE04EC0-301F-11D3-BF4B-00C04F79EFBC}") = "Fibonaci", "Fibonaci\Fibonaci.csproj", "{2A8A6C84-CFDF-4FC3-AB1A-334F5011FAB9}"
EndProject
Global
	GlobalSection(SolutionConfigurationPlatforms) = preSolution
		Debug|Any CPU = Debug|Any CPU
		Release|Any CPU = Release|Any CPU
	EndGlobalSection
	GlobalSection(ProjectConfigurationPlatforms) = postSolution
		{2A8A6C84-CFDF-4FC3-AB1A-334F5011FAB9}.Debug|Any CPU.ActiveCfg = Debug|Any CPU
		{2A8A6C84-CFDF-4FC3-AB1A-334F5011FAB9}.Debug|Any CPU.Build.0 = Debug|Any CPU
		{2A8A6C84-CFDF-4FC3-AB1A-334F5011FAB9}.Release|Any CPU.ActiveCfg = Release|Any CPU
		{2A8A6C84-CFDF-4FC3-AB1A-334F5011FAB9}.Release|Any CPU.Build.0 = Release|Any CPU
	EndGlobalSection
	GlobalSection(SolutionProperties) = preSolution
		HideSolutionNode = FALSE
	EndGlobalSection
	GlobalSection(ExtensibilityGlobals) = postSolution
		SolutionGuid = {38822695-AFB1-49CA-8D38-642079614F90}
	EndGlobalSection
EndGlobal
